
Microsoft Visual Studio Solution File, Format Version 12.00
# Visual Studio Version 17
VisualStudioVersion = 17.9.34723.18
MinimumVisualStudioVersion = 10.0.40219.1
Project("{FAE04EC0-301F-11D3-BF4B-00C04F79EFBC}") = "BlazorSQLServer", "BlazorSQLServer\BlazorSQLServer.csproj", "{2A17F488-C54D-493E-AD74-E888D459BFC3}"
EndProject
Global
	GlobalSection(SolutionConfigurationPlatforms) = preSolution
		Debug|Any CPU = Debug|Any CPU
		Release|Any CPU = Release|Any CPU
	EndGlobalSection
	GlobalSection(ProjectConfigurationPlatforms) = postSolution
		{2A17F488-C54D-493E-AD74-E888D459BFC3}.Debug|Any CPU.ActiveCfg = Debug|Any CPU
		{2A17F488-C54D-493E-AD74-E888D459BFC3}.Debug|Any CPU.Build.0 = Debug|Any CPU
		{2A17F488-C54D-493E-AD74-E888D459BFC3}.Release|Any CPU.ActiveCfg = Release|Any CPU
		{2A17F488-C54D-493E-AD74-E888D459BFC3}.Release|Any CPU.Build.0 = Release|Any CPU
	EndGlobalSection
	GlobalSection(SolutionProperties) = preSolution
		HideSolutionNode = FALSE
	EndGlobalSection
	GlobalSection(ExtensibilityGlobals) = postSolution
		SolutionGuid = {F576E46F-C33E-4BC5-B14B-B76E01726031}
	EndGlobalSection
EndGlobal
